{
  "pins" : [
    {
      "identity" : "panorama",
      "kind" : "remoteSourceControl",
      "location" : "https://github.com/jonaszell97/Panorama.git",
      "state" : {
        "branch" : "dev",
        "revision" : "4eba6394b7ce6ccda4a07a932b77b4ce29299512"
      }
    },
    {
      "identity" : "toolbox",
      "kind" : "remoteSourceControl",
      "location" : "https://github.com/jonaszell97/Toolbox.git",
      "state" : {
        "branch" : "dev",
        "revision" : "043a82bc5588f76b0de3f606a822e2abf8933b4a"
      }
    }
  ],
  "version" : 2
}
